// !$*UTF8*$!
{
	archiveVersion = 1;
	classes = {
	};
	objectVersion = 55;
	objects = {

/* Begin PBXBuildFile section */
		57DF3EEC28FEC03800D9D055 /* FructusApp.swift in Sources */ = {isa = PBXBuildFile; fileRef = 57DF3EEB28FEC03800D9D055 /* FructusApp.swift */; };
		57DF3EEE28FEC03800D9D055 /* ContentView.swift in Sources */ = {isa = PBXBuildFile; fileRef = 57DF3EED28FEC03800D9D055 /* ContentView.swift */; };
		57DF3EF028FEC03900D9D055 /* Assets.xcassets in Resources */ = {isa = PBXBuildFile; fileRef = 57DF3EEF28FEC03900D9D055 /* Assets.xcassets */; };
		57DF3EF328FEC03900D9D055 /* Preview Assets.xcassets in Resources */ = {isa = PBXBuildFile; fileRef = 57DF3EF228FEC03900D9D055 /* Preview Assets.xcassets */; };
		57DF3EFC28FEC39B00D9D055 /* FruitCardView.swift in Sources */ = {isa = PBXBuildFile; fileRef = 57DF3EFB28FEC39B00D9D055 /* FruitCardView.swift */; };
		57DF3EFE28FEC5FE00D9D055 /* StartButtonView.swift in Sources */ = {isa = PBXBuildFile; fileRef = 57DF3EFD28FEC5FE00D9D055 /* StartButtonView.swift */; };
		57DF3F0028FEC86A00D9D055 /* OnboardingView.swift in Sources */ = {isa = PBXBuildFile; fileRef = 57DF3EFF28FEC86A00D9D055 /* OnboardingView.swift */; };
		57DF3F0328FEC9CD00D9D055 /* FruitModel.swift in Sources */ = {isa = PBXBuildFile; fileRef = 57DF3F0228FEC9CD00D9D055 /* FruitModel.swift */; };
		57DF3F0628FECA7700D9D055 /* FruitData.swift in Sources */ = {isa = PBXBuildFile; fileRef = 57DF3F0528FECA7700D9D055 /* FruitData.swift */; };
		57DF3F0828FEEDCB00D9D055 /* FruitRowView.swift in Sources */ = {isa = PBXBuildFile; fileRef = 57DF3F0728FEEDCB00D9D055 /* FruitRowView.swift */; };
		57DF3F0A28FEF08200D9D055 /* FruitDetailView.swift in Sources */ = {isa = PBXBuildFile; fileRef = 57DF3F0928FEF08200D9D055 /* FruitDetailView.swift */; };
		57DF3F0C28FEF2AD00D9D055 /* FruitHeaderView.swift in Sources */ = {isa = PBXBuildFile; fileRef = 57DF3F0B28FEF2AD00D9D055 /* FruitHeaderView.swift */; };
		57DF3F0E28FEF46200D9D055 /* SourceLinkView.swift in Sources */ = {isa = PBXBuildFile; fileRef = 57DF3F0D28FEF46200D9D055 /* SourceLinkView.swift */; };
		57DF3F1028FEF5E700D9D055 /* FruitNutrientsView.swift in Sources */ = {isa = PBXBuildFile; fileRef = 57DF3F0F28FEF5E700D9D055 /* FruitNutrientsView.swift */; };
/* End PBXBuildFile section */

/* Begin PBXFileReference section */
		57DF3EE828FEC03800D9D055 /* Fructus.app */ = {isa = PBXFileReference; explicitFileType = wrapper.application; includeInIndex = 0; path = Fructus.app; sourceTree = BUILT_PRODUCTS_DIR; };
		57DF3EEB28FEC03800D9D055 /* FructusApp.swift */ = {isa = PBXFileReference; lastKnownFileType = sourcecode.swift; path = FructusApp.swift; sourceTree = "<group>"; };
		57DF3EED28FEC03800D9D055 /* ContentView.swift */ = {isa = PBXFileReference; lastKnownFileType = sourcecode.swift; path = ContentView.swift; sourceTree = "<group>"; };
		57DF3EEF28FEC03900D9D055 /* Assets.xcassets */ = {isa = PBXFileReference; lastKnownFileType = folder.assetcatalog; path = Assets.xcassets; sourceTree = "<group>"; };
		57DF3EF228FEC03900D9D055 /* Preview Assets.xcassets */ = {isa = PBXFileReference; lastKnownFileType = folder.assetcatalog; path = "Preview Assets.xcassets"; sourceTree = "<group>"; };
		57DF3EFB28FEC39B00D9D055 /* FruitCardView.swift */ = {isa = PBXFileReference; lastKnownFileType = sourcecode.swift; path = FruitCardView.swift; sourceTree = "<group>"; };
		57DF3EFD28FEC5FE00D9D055 /* StartButtonView.swift */ = {isa = PBXFileReference; lastKnownFileType = sourcecode.swift; path = StartButtonView.swift; sourceTree = "<group>"; };
		57DF3EFF28FEC86A00D9D055 /* OnboardingView.swift */ = {isa = PBXFileReference; lastKnownFileType = sourcecode.swift; path = OnboardingView.swift; sourceTree = "<group>"; };
		57DF3F0228FEC9CD00D9D055 /* FruitModel.swift */ = {isa = PBXFileReference; lastKnownFileType = sourcecode.swift; path = FruitModel.swift; sourceTree = "<group>"; };
		57DF3F0528FECA7700D9D055 /* FruitData.swift */ = {isa = PBXFileReference; lastKnownFileType = sourcecode.swift; path = FruitData.swift; sourceTree = "<group>"; };
		57DF3F0728FEEDCB00D9D055 /* FruitRowView.swift */ = {isa = PBXFileReference; lastKnownFileType = sourcecode.swift; path = FruitRowView.swift; sourceTree = "<group>"; };
		57DF3F0928FEF08200D9D055 /* FruitDetailView.swift */ = {isa = PBXFileReference; lastKnownFileType = sourcecode.swift; path = FruitDetailView.swift; sourceTree = "<group>"; };
		57DF3F0B28FEF2AD00D9D055 /* FruitHeaderView.swift */ = {isa = PBXFileReference; lastKnownFileType = sourcecode.swift; path = FruitHeaderView.swift; sourceTree = "<group>"; };
		57DF3F0D28FEF46200D9D055 /* SourceLinkView.swift */ = {isa = PBXFileReference; lastKnownFileType = sourcecode.swift; path = SourceLinkView.swift; sourceTree = "<group>"; };
		57DF3F0F28FEF5E700D9D055 /* FruitNutrientsView.swift */ = {isa = PBXFileReference; lastKnownFileType = sourcecode.swift; path = FruitNutrientsView.swift; sourceTree = "<group>"; };
/* End PBXFileReference section */

/* Begin PBXFrameworksBuildPhase section */
		57DF3EE528FEC03800D9D055 /* Frameworks */ = {
			isa = PBXFrameworksBuildPhase;
			buildActionMask = 2147483647;
			files = (
			);
			runOnlyForDeploymentPostprocessing = 0;
		};
/* End PBXFrameworksBuildPhase section */

/* Begin PBXGroup section */
		57DF3EDF28FEC03800D9D055 = {
			isa = PBXGroup;
			children = (
				57DF3EEA28FEC03800D9D055 /* Fructus */,
				57DF3EE928FEC03800D9D055 /* Products */,
			);
			sourceTree = "<group>";
		};
		57DF3EE928FEC03800D9D055 /* Products */ = {
			isa = PBXGroup;
			children = (
				57DF3EE828FEC03800D9D055 /* Fructus.app */,
			);
			name = Products;
			sourceTree = "<group>";
		};
		57DF3EEA28FEC03800D9D055 /* Fructus */ = {
			isa = PBXGroup;
			children = (
				57DF3F0428FECA6600D9D055 /* Data */,
				57DF3F0128FEC9A800D9D055 /* Model */,
				57DF3EFA28FEC37800D9D055 /* View */,
				57DF3EF928FEC35000D9D055 /* App */,
				57DF3EEF28FEC03900D9D055 /* Assets.xcassets */,
				57DF3EF128FEC03900D9D055 /* Preview Content */,
			);
			path = Fructus;
			sourceTree = "<group>";
		};
		57DF3EF128FEC03900D9D055 /* Preview Content */ = {
			isa = PBXGroup;
			children = (
				57DF3EF228FEC03900D9D055 /* Preview Assets.xcassets */,
			);
			path = "Preview Content";
			sourceTree = "<group>";
		};
		57DF3EF928FEC35000D9D055 /* App */ = {
			isa = PBXGroup;
			children = (
				57DF3EEB28FEC03800D9D055 /* FructusApp.swift */,
				57DF3EED28FEC03800D9D055 /* ContentView.swift */,
				57DF3EFF28FEC86A00D9D055 /* OnboardingView.swift */,
				57DF3F0928FEF08200D9D055 /* FruitDetailView.swift */,
			);
			path = App;
			sourceTree = "<group>";
		};
		57DF3EFA28FEC37800D9D055 /* View */ = {
			isa = PBXGroup;
			children = (
				57DF3EFB28FEC39B00D9D055 /* FruitCardView.swift */,
				57DF3EFD28FEC5FE00D9D055 /* StartButtonView.swift */,
				57DF3F0728FEEDCB00D9D055 /* FruitRowView.swift */,
				57DF3F0B28FEF2AD00D9D055 /* FruitHeaderView.swift */,
				57DF3F0D28FEF46200D9D055 /* SourceLinkView.swift */,
				57DF3F0F28FEF5E700D9D055 /* FruitNutrientsView.swift */,
			);
			path = View;
			sourceTree = "<group>";
		};
		57DF3F0128FEC9A800D9D055 /* Model */ = {
			isa = PBXGroup;
			children = (
				57DF3F0228FEC9CD00D9D055 /* FruitModel.swift */,
			);
			path = Model;
			sourceTree = "<group>";
		};
		57DF3F0428FECA6600D9D055 /* Data */ = {
			isa = PBXGroup;
			children = (
				57DF3F0528FECA7700D9D055 /* FruitData.swift */,
			);
			path = Data;
			sourceTree = "<group>";
		};
/* End PBXGroup section */

/* Begin PBXNativeTarget section */
		57DF3EE728FEC03800D9D055 /* Fructus */ = {
			isa = PBXNativeTarget;
			buildConfigurationList = 57DF3EF628FEC03900D9D055 /* Build configuration list for PBXNativeTarget "Fructus" */;
			buildPhases = (
				57DF3EE428FEC03800D9D055 /* Sources */,
				57DF3EE528FEC03800D9D055 /* Frameworks */,
				57DF3EE628FEC03800D9D055 /* Resources */,
			);
			buildRules = (
			);
			dependencies = (
			);
			name = Fructus;
			productName = Fructus;
			productReference = 57DF3EE828FEC03800D9D055 /* Fructus.app */;
			productType = "com.apple.product-type.application";
		};
/* End PBXNativeTarget section */

/* Begin PBXProject section */
		57DF3EE028FEC03800D9D055 /* Project object */ = {
			isa = PBXProject;
			attributes = {
				BuildIndependentTargetsInParallel = 1;
				LastSwiftUpdateCheck = 1340;
				LastUpgradeCheck = 1340;
				TargetAttributes = {
					57DF3EE728FEC03800D9D055 = {
						CreatedOnToolsVersion = 13.4;
					};
				};
			};
			buildConfigurationList = 57DF3EE328FEC03800D9D055 /* Build configuration list for PBXProject "Fructus" */;
			compatibilityVersion = "Xcode 13.0";
			developmentRegion = en;
			hasScannedForEncodings = 0;
			knownRegions = (
				en,
				Base,
			);
			mainGroup = 57DF3EDF28FEC03800D9D055;
			productRefGroup = 57DF3EE928FEC03800D9D055 /* Products */;
			projectDirPath = "";
			projectRoot = "";
			targets = (
				57DF3EE728FEC03800D9D055 /* Fructus */,
			);
		};
/* End PBXProject section */

/* Begin PBXResourcesBuildPhase section */
		57DF3EE628FEC03800D9D055 /* Resources */ = {
			isa = PBXResourcesBuildPhase;
			buildActionMask = 2147483647;
			files = (
				57DF3EF328FEC03900D9D055 /* Preview Assets.xcassets in Resources */,
				57DF3EF028FEC03900D9D055 /* Assets.xcassets in Resources */,
			);
			runOnlyForDeploymentPostprocessing = 0;
		};
/* End PBXResourcesBuildPhase section */

/* Begin PBXSourcesBuildPhase section */
		57DF3EE428FEC03800D9D055 /* Sources */ = {
			isa = PBXSourcesBuildPhase;
			buildActionMask = 2147483647;
			files = (
				57DF3F0628FECA7700D9D055 /* FruitData.swift in Sources */,
				57DF3F0E28FEF46200D9D055 /* SourceLinkView.swift in Sources */,
				57DF3EFC28FEC39B00D9D055 /* FruitCardView.swift in Sources */,
				57DF3F0828FEEDCB00D9D055 /* FruitRowView.swift in Sources */,
				57DF3F1028FEF5E700D9D055 /* FruitNutrientsView.swift in Sources */,
				57DF3EFE28FEC5FE00D9D055 /* StartButtonView.swift in Sources */,
				57DF3F0A28FEF08200D9D055 /* FruitDetailView.swift in Sources */,
				57DF3EEE28FEC03800D9D055 /* ContentView.swift in Sources */,
				57DF3F0C28FEF2AD00D9D055 /* FruitHeaderView.swift in Sources */,
				57DF3F0028FEC86A00D9D055 /* OnboardingView.swift in Sources */,
				57DF3F0328FEC9CD00D9D055 /* FruitModel.swift in Sources */,
				57DF3EEC28FEC03800D9D055 /* FructusApp.swift in Sources */,
			);
			runOnlyForDeploymentPostprocessing = 0;
		};
/* End PBXSourcesBuildPhase section */

/* Begin XCBuildConfiguration section */
		57DF3EF428FEC03900D9D055 /* Debug */ = {
			isa = XCBuildConfiguration;
			buildSettings = {
				ALWAYS_SEARCH_USER_PATHS = NO;
				CLANG_ANALYZER_NONNULL = YES;
				CLANG_ANALYZER_NUMBER_OBJECT_CONVERSION = YES_AGGRESSIVE;
				CLANG_CXX_LANGUAGE_STANDARD = "gnu++17";
				CLANG_ENABLE_MODULES = YES;
				CLANG_ENABLE_OBJC_ARC = YES;
				CLANG_ENABLE_OBJC_WEAK = YES;
				CLANG_WARN_BLOCK_CAPTURE_AUTORELEASING = YES;
				CLANG_WARN_BOOL_CONVERSION = YES;
				CLANG_WARN_COMMA = YES;
				CLANG_WARN_CONSTANT_CONVERSION = YES;
				CLANG_WARN_DEPRECATED_OBJC_IMPLEMENTATIONS = YES;
				CLANG_WARN_DIRECT_OBJC_ISA_USAGE = YES_ERROR;
				CLANG_WARN_DOCUMENTATION_COMMENTS = YES;
				CLANG_WARN_EMPTY_BODY = YES;
				CLANG_WARN_ENUM_CONVERSION = YES;
				CLANG_WARN_INFINITE_RECURSION = YES;
				CLANG_WARN_INT_CONVERSION = YES;
				CLANG_WARN_NON_LITERAL_NULL_CONVERSION = YES;
				CLANG_WARN_OBJC_IMPLICIT_RETAIN_SELF = YES;
				CLANG_WARN_OBJC_LITERAL_CONVERSION = YES;
				CLANG_WARN_OBJC_ROOT_CLASS = YES_ERROR;
				CLANG_WARN_QUOTED_INCLUDE_IN_FRAMEWORK_HEADER = YES;
				CLANG_WARN_RANGE_LOOP_ANALYSIS = YES;
				CLANG_WARN_STRICT_PROTOTYPES = YES;
				CLANG_WARN_SUSPICIOUS_MOVE = YES;
				CLANG_WARN_UNGUARDED_AVAILABILITY = YES_AGGRESSIVE;
				CLANG_WARN_UNREACHABLE_CODE = YES;
				CLANG_WARN__DUPLICATE_METHOD_MATCH = YES;
				COPY_PHASE_STRIP = NO;
				DEBUG_INFORMATION_FORMAT = dwarf;
				ENABLE_STRICT_OBJC_MSGSEND = YES;
				ENABLE_TESTABILITY = YES;
				GCC_C_LANGUAGE_STANDARD = gnu11;
				GCC_DYNAMIC_NO_PIC = NO;
				GCC_NO_COMMON_BLOCKS = YES;
				GCC_OPTIMIZATION_LEVEL = 0;
				GCC_PREPROCESSOR_DEFINITIONS = (
					"DEBUG=1",
					"$(inherited)",
				);
				GCC_WARN_64_TO_32_BIT_CONVERSION = YES;
				GCC_WARN_ABOUT_RETURN_TYPE = YES_ERROR;
				GCC_WARN_UNDECLARED_SELECTOR = YES;
				GCC_WARN_UNINITIALIZED_AUTOS = YES_AGGRESSIVE;
				GCC_WARN_UNUSED_FUNCTION = YES;
				GCC_WARN_UNUSED_VARIABLE = YES;
				IPHONEOS_DEPLOYMENT_TARGET = 15.5;
				MTL_ENABLE_DEBUG_INFO = INCLUDE_SOURCE;
				MTL_FAST_MATH = YES;
				ONLY_ACTIVE_ARCH = YES;
				SDKROOT = iphoneos;
				SWIFT_ACTIVE_COMPILATION_CONDITIONS = DEBUG;
				SWIFT_OPTIMIZATION_LEVEL = "-Onone";
			};
			name = Debug;
		};
		57DF3EF528FEC03900D9D055 /* Release */ = {
			isa = XCBuildConfiguration;
			buildSettings = {
				ALWAYS_SEARCH_USER_PATHS = NO;
				CLANG_ANALYZER_NONNULL = YES;
				CLANG_ANALYZER_NUMBER_OBJECT_CONVERSION = YES_AGGRESSIVE;
				CLANG_CXX_LANGUAGE_STANDARD = "gnu++17";
				CLANG_ENABLE_MODULES = YES;
				CLANG_ENABLE_OBJC_ARC = YES;
				CLANG_ENABLE_OBJC_WEAK = YES;
				CLANG_WARN_BLOCK_CAPTURE_AUTORELEASING = YES;
				CLANG_WARN_BOOL_CONVERSION = YES;
				CLANG_WARN_COMMA = YES;
				CLANG_WARN_CONSTANT_CONVERSION = YES;
				CLANG_WARN_DEPRECATED_OBJC_IMPLEMENTATIONS = YES;
				CLANG_WARN_DIRECT_OBJC_ISA_USAGE = YES_ERROR;
				CLANG_WARN_DOCUMENTATION_COMMENTS = YES;
				CLANG_WARN_EMPTY_BODY = YES;
				CLANG_WARN_ENUM_CONVERSION = YES;
				CLANG_WARN_INFINITE_RECURSION = YES;
				CLANG_WARN_INT_CONVERSION = YES;
				CLANG_WARN_NON_LITERAL_NULL_CONVERSION = YES;
				CLANG_WARN_OBJC_IMPLICIT_RETAIN_SELF = YES;
				CLANG_WARN_OBJC_LITERAL_CONVERSION = YES;
				CLANG_WARN_OBJC_ROOT_CLASS = YES_ERROR;
				CLANG_WARN_QUOTED_INCLUDE_IN_FRAMEWORK_HEADER = YES;
				CLANG_WARN_RANGE_LOOP_ANALYSIS = YES;
				CLANG_WARN_STRICT_PROTOTYPES = YES;
				CLANG_WARN_SUSPICIOUS_MOVE = YES;
				CLANG_WARN_UNGUARDED_AVAILABILITY = YES_AGGRESSIVE;
				CLANG_WARN_UNREACHABLE_CODE = YES;
				CLANG_WARN__DUPLICATE_METHOD_MATCH = YES;
				COPY_PHASE_STRIP = NO;
				DEBUG_INFORMATION_FORMAT = "dwarf-with-dsym";
				ENABLE_NS_ASSERTIONS = NO;
				ENABLE_STRICT_OBJC_MSGSEND = YES;
				GCC_C_LANGUAGE_STANDARD = gnu11;
				GCC_NO_COMMON_BLOCKS = YES;
				GCC_WARN_64_TO_32_BIT_CONVERSION = YES;
				GCC_WARN_ABOUT_RETURN_TYPE = YES_ERROR;
				GCC_WARN_UNDECLARED_SELECTOR = YES;
				GCC_WARN_UNINITIALIZED_AUTOS = YES_AGGRESSIVE;
				GCC_WARN_UNUSED_FUNCTION = YES;
				GCC_WARN_UNUSED_VARIABLE = YES;
				IPHONEOS_DEPLOYMENT_TARGET = 15.5;
				MTL_ENABLE_DEBUG_INFO = NO;
				MTL_FAST_MATH = YES;
				SDKROOT = iphoneos;
				SWIFT_COMPILATION_MODE = wholemodule;
				SWIFT_OPTIMIZATION_LEVEL = "-O";
				VALIDATE_PRODUCT = YES;
			};
			name = Release;
		};
		57DF3EF728FEC03900D9D055 /* Debug */ = {
			isa = XCBuildConfiguration;
			buildSettings = {
				ASSETCATALOG_COMPILER_APPICON_NAME = AppIcon;
				ASSETCATALOG_COMPILER_GLOBAL_ACCENT_COLOR_NAME = AccentColor;
				CODE_SIGN_STYLE = Automatic;
				CURRENT_PROJECT_VERSION = 1;
				DEVELOPMENT_ASSET_PATHS = "\"Fructus/Preview Content\"";
				DEVELOPMENT_TEAM = DMF923GY8Z;
				ENABLE_PREVIEWS = YES;
				GENERATE_INFOPLIST_FILE = YES;
				INFOPLIST_KEY_UIApplicationSceneManifest_Generation = YES;
				INFOPLIST_KEY_UIApplicationSupportsIndirectInputEvents = YES;
				INFOPLIST_KEY_UILaunchScreen_Generation = YES;
				INFOPLIST_KEY_UISupportedInterfaceOrientations = UIInterfaceOrientationPortrait;
				INFOPLIST_KEY_UISupportedInterfaceOrientations_iPad = UIInterfaceOrientationPortrait;
				INFOPLIST_KEY_UISupportedInterfaceOrientations_iPhone = "UIInterfaceOrientationPortrait UIInterfaceOrientationLandscapeLeft UIInterfaceOrientationLandscapeRight";
				LD_RUNPATH_SEARCH_PATHS = (
					"$(inherited)",
					"@executable_path/Frameworks",
				);
				MARKETING_VERSION = 1.0;
				PRODUCT_BUNDLE_IDENTIFIER = branco.marygimm.Fructus;
				PRODUCT_NAME = "$(TARGET_NAME)";
				SWIFT_EMIT_LOC_STRINGS = YES;
				SWIFT_VERSION = 5.0;
				TARGETED_DEVICE_FAMILY = "1,2";
			};
			name = Debug;
		};
		57DF3EF828FEC03900D9D055 /* Release */ = {
			isa = XCBuildConfiguration;
			buildSettings = {
				ASSETCATALOG_COMPILER_APPICON_NAME = AppIcon;
				ASSETCATALOG_COMPILER_GLOBAL_ACCENT_COLOR_NAME = AccentColor;
				CODE_SIGN_STYLE = Automatic;
				CURRENT_PROJECT_VERSION = 1;
				DEVELOPMENT_ASSET_PATHS = "\"Fructus/Preview Content\"";
				DEVELOPMENT_TEAM = DMF923GY8Z;
				ENABLE_PREVIEWS = YES;
				GENERATE_INFOPLIST_FILE = YES;
				INFOPLIST_KEY_UIApplicationSceneManifest_Generation = YES;
				INFOPLIST_KEY_UIApplicationSupportsIndirectInputEvents = YES;
				INFOPLIST_KEY_UILaunchScreen_Generation = YES;
				INFOPLIST_KEY_UISupportedInterfaceOrientations = UIInterfaceOrientationPortrait;
				INFOPLIST_KEY_UISupportedInterfaceOrientations_iPad = UIInterfaceOrientationPortrait;
				INFOPLIST_KEY_UISupportedInterfaceOrientations_iPhone = "UIInterfaceOrientationPortrait UIInterfaceOrientationLandscapeLeft UIInterfaceOrientationLandscapeRight";
				LD_RUNPATH_SEARCH_PATHS = (
					"$(inherited)",
					"@executable_path/Frameworks",
				);
				MARKETING_VERSION = 1.0;
				PRODUCT_BUNDLE_IDENTIFIER = branco.marygimm.Fructus;
				PRODUCT_NAME = "$(TARGET_NAME)";
				SWIFT_EMIT_LOC_STRINGS = YES;
				SWIFT_VERSION = 5.0;
				TARGETED_DEVICE_FAMILY = "1,2";
			};
			name = Release;
		};
/* End XCBuildConfiguration section */

/* Begin XCConfigurationList section */
		57DF3EE328FEC03800D9D055 /* Build configuration list for PBXProject "Fructus" */ = {
			isa = XCConfigurationList;
			buildConfigurations = (
				57DF3EF428FEC03900D9D055 /* Debug */,
				57DF3EF528FEC03900D9D055 /* Release */,
			);
			defaultConfigurationIsVisible = 0;
			defaultConfigurationName = Release;
		};
		57DF3EF628FEC03900D9D055 /* Build configuration list for PBXNativeTarget "Fructus" */ = {
			isa = XCConfigurationList;
			buildConfigurations = (
				57DF3EF728FEC03900D9D055 /* Debug */,
				57DF3EF828FEC03900D9D055 /* Release */,
			);
			defaultConfigurationIsVisible = 0;
			defaultConfigurationName = Release;
		};
/* End XCConfigurationList section */
	};
	rootObject = 57DF3EE028FEC03800D9D055 /* Project object */;
}
